// !$*UTF8*$!
{
	archiveVersion = 1;
	classes = {
	};
	objectVersion = 56;
	objects = {

/* Begin PBXBuildFile section */
		2F36D0C42AA9C125007471B4 /* MomentsOfSpaceModel.h in Headers */ = {isa = PBXBuildFile; fileRef = 2F36D0C32AA9C125007471B4 /* MomentsOfSpaceModel.h */; settings = {ATTRIBUTES = (Public, ); }; };
		2F36D0C72AA9C125007471B4 /* MomentsOfSpaceModel.framework in Frameworks */ = {isa = PBXBuildFile; fileRef = 2F36D0C12AA9C125007471B4 /* MomentsOfSpaceModel.framework */; };
		2F36D0C92AA9C125007471B4 /* MomentsOfSpaceModel.framework in Embed Frameworks */ = {isa = PBXBuildFile; fileRef = 2F36D0C12AA9C125007471B4 /* MomentsOfSpaceModel.framework */; settings = {ATTRIBUTES = (CodeSignOnCopy, RemoveHeadersOnCopy, ); }; };
		2F36D0CF2AA9C142007471B4 /* Meditation.swift in Sources */ = {isa = PBXBuildFile; fileRef = 2F36D0CE2AA9C142007471B4 /* Meditation.swift */; };
		2F36D0D12AA9C163007471B4 /* AudioFile.swift in Sources */ = {isa = PBXBuildFile; fileRef = 2F36D0D02AA9C163007471B4 /* AudioFile.swift */; };
		2F36D0DA2AA9C2A9007471B4 /* MomentsOfSpaceNetworking.h in Headers */ = {isa = PBXBuildFile; fileRef = 2F36D0D92AA9C2A9007471B4 /* MomentsOfSpaceNetworking.h */; settings = {ATTRIBUTES = (Public, ); }; };
		2F36D0DD2AA9C2A9007471B4 /* MomentsOfSpaceNetworking.framework in Frameworks */ = {isa = PBXBuildFile; fileRef = 2F36D0D72AA9C2A9007471B4 /* MomentsOfSpaceNetworking.framework */; };
		2F36D0DE2AA9C2A9007471B4 /* MomentsOfSpaceNetworking.framework in Embed Frameworks */ = {isa = PBXBuildFile; fileRef = 2F36D0D72AA9C2A9007471B4 /* MomentsOfSpaceNetworking.framework */; settings = {ATTRIBUTES = (CodeSignOnCopy, RemoveHeadersOnCopy, ); }; };
		2F36D0E42AA9C2BC007471B4 /* MeditationsNetworkService.swift in Sources */ = {isa = PBXBuildFile; fileRef = 2F36D0E32AA9C2BC007471B4 /* MeditationsNetworkService.swift */; };
		2F36D0E62AA9C315007471B4 /* MomentsOfSpaceModel.framework in Frameworks */ = {isa = PBXBuildFile; fileRef = 2F36D0C12AA9C125007471B4 /* MomentsOfSpaceModel.framework */; };
		2F36D0E72AA9C315007471B4 /* MomentsOfSpaceModel.framework in Embed Frameworks */ = {isa = PBXBuildFile; fileRef = 2F36D0C12AA9C125007471B4 /* MomentsOfSpaceModel.framework */; settings = {ATTRIBUTES = (CodeSignOnCopy, RemoveHeadersOnCopy, ); }; };
		2F36D0EC2AA9C362007471B4 /* Mockable.swift in Sources */ = {isa = PBXBuildFile; fileRef = 2F36D0EB2AA9C362007471B4 /* Mockable.swift */; };
		2F739F342AA9BD3F00D07773 /* ComposableArchitecture in Frameworks */ = {isa = PBXBuildFile; productRef = 2F739F332AA9BD3F00D07773 /* ComposableArchitecture */; };
		2F739F362AA9BE0000D07773 /* Colors.xcassets in Resources */ = {isa = PBXBuildFile; fileRef = 2F739F352AA9BE0000D07773 /* Colors.xcassets */; };
		2F739F3B2AA9BECF00D07773 /* Localizable.strings in Resources */ = {isa = PBXBuildFile; fileRef = 2F739F3A2AA9BECF00D07773 /* Localizable.strings */; };
		2F739F3F2AA9BEED00D07773 /* Strings.swift in Sources */ = {isa = PBXBuildFile; fileRef = 2F739F3E2AA9BEED00D07773 /* Strings.swift */; };
		2F739F412AA9BEF000D07773 /* Assets.swift in Sources */ = {isa = PBXBuildFile; fileRef = 2F739F402AA9BEF000D07773 /* Assets.swift */; };
		2F7FD0FF2AA9B54400AB435E /* MomentsOfSpaceApp.swift in Sources */ = {isa = PBXBuildFile; fileRef = 2F7FD0FE2AA9B54400AB435E /* MomentsOfSpaceApp.swift */; };
		2F7FD1012AA9B54400AB435E /* ContentView.swift in Sources */ = {isa = PBXBuildFile; fileRef = 2F7FD1002AA9B54400AB435E /* ContentView.swift */; };
		2F7FD1032AA9B54500AB435E /* Images.xcassets in Resources */ = {isa = PBXBuildFile; fileRef = 2F7FD1022AA9B54500AB435E /* Images.xcassets */; };
		2F7FD1062AA9B54500AB435E /* Preview Assets.xcassets in Resources */ = {isa = PBXBuildFile; fileRef = 2F7FD1052AA9B54500AB435E /* Preview Assets.xcassets */; };
/* End PBXBuildFile section */

/* Begin PBXContainerItemProxy section */
		2F36D0C52AA9C125007471B4 /* PBXContainerItemProxy */ = {
			isa = PBXContainerItemProxy;
			containerPortal = 2F7FD0F32AA9B54400AB435E /* Project object */;
			proxyType = 1;
			remoteGlobalIDString = 2F36D0C02AA9C125007471B4;
			remoteInfo = MomentsOfSpaceModel;
		};
		2F36D0DB2AA9C2A9007471B4 /* PBXContainerItemProxy */ = {
			isa = PBXContainerItemProxy;
			containerPortal = 2F7FD0F32AA9B54400AB435E /* Project object */;
			proxyType = 1;
			remoteGlobalIDString = 2F36D0D62AA9C2A9007471B4;
			remoteInfo = MomentsOfSpaceNetworking;
		};
		2F36D0E82AA9C315007471B4 /* PBXContainerItemProxy */ = {
			isa = PBXContainerItemProxy;
			containerPortal = 2F7FD0F32AA9B54400AB435E /* Project object */;
			proxyType = 1;
			remoteGlobalIDString = 2F36D0C02AA9C125007471B4;
			remoteInfo = MomentsOfSpaceModel;
		};
/* End PBXContainerItemProxy section */

/* Begin PBXCopyFilesBuildPhase section */
		2F36D0C82AA9C125007471B4 /* Embed Frameworks */ = {
			isa = PBXCopyFilesBuildPhase;
			buildActionMask = 2147483647;
			dstPath = "";
			dstSubfolderSpec = 10;
			files = (
				2F36D0DE2AA9C2A9007471B4 /* MomentsOfSpaceNetworking.framework in Embed Frameworks */,
				2F36D0C92AA9C125007471B4 /* MomentsOfSpaceModel.framework in Embed Frameworks */,
			);
			name = "Embed Frameworks";
			runOnlyForDeploymentPostprocessing = 0;
		};
		2F36D0EA2AA9C315007471B4 /* Embed Frameworks */ = {
			isa = PBXCopyFilesBuildPhase;
			buildActionMask = 2147483647;
			dstPath = "";
			dstSubfolderSpec = 10;
			files = (
				2F36D0E72AA9C315007471B4 /* MomentsOfSpaceModel.framework in Embed Frameworks */,
			);
			name = "Embed Frameworks";
			runOnlyForDeploymentPostprocessing = 0;
		};
/* End PBXCopyFilesBuildPhase section */

/* Begin PBXFileReference section */
		2F36D0C12AA9C125007471B4 /* MomentsOfSpaceModel.framework */ = {isa = PBXFileReference; explicitFileType = wrapper.framework; includeInIndex = 0; path = MomentsOfSpaceModel.framework; sourceTree = BUILT_PRODUCTS_DIR; };
		2F36D0C32AA9C125007471B4 /* MomentsOfSpaceModel.h */ = {isa = PBXFileReference; lastKnownFileType = sourcecode.c.h; path = MomentsOfSpaceModel.h; sourceTree = "<group>"; };
		2F36D0CE2AA9C142007471B4 /* Meditation.swift */ = {isa = PBXFileReference; lastKnownFileType = sourcecode.swift; path = Meditation.swift; sourceTree = "<group>"; };
		2F36D0D02AA9C163007471B4 /* AudioFile.swift */ = {isa = PBXFileReference; lastKnownFileType = sourcecode.swift; path = AudioFile.swift; sourceTree = "<group>"; };
		2F36D0D72AA9C2A9007471B4 /* MomentsOfSpaceNetworking.framework */ = {isa = PBXFileReference; explicitFileType = wrapper.framework; includeInIndex = 0; path = MomentsOfSpaceNetworking.framework; sourceTree = BUILT_PRODUCTS_DIR; };
		2F36D0D92AA9C2A9007471B4 /* MomentsOfSpaceNetworking.h */ = {isa = PBXFileReference; lastKnownFileType = sourcecode.c.h; path = MomentsOfSpaceNetworking.h; sourceTree = "<group>"; };
		2F36D0E32AA9C2BC007471B4 /* MeditationsNetworkService.swift */ = {isa = PBXFileReference; lastKnownFileType = sourcecode.swift; path = MeditationsNetworkService.swift; sourceTree = "<group>"; };
		2F36D0EB2AA9C362007471B4 /* Mockable.swift */ = {isa = PBXFileReference; lastKnownFileType = sourcecode.swift; path = Mockable.swift; sourceTree = "<group>"; };
		2F739F352AA9BE0000D07773 /* Colors.xcassets */ = {isa = PBXFileReference; lastKnownFileType = folder.assetcatalog; path = Colors.xcassets; sourceTree = "<group>"; };
		2F739F3A2AA9BECF00D07773 /* Localizable.strings */ = {isa = PBXFileReference; lastKnownFileType = text.plist.strings; path = Localizable.strings; sourceTree = "<group>"; };
		2F739F3E2AA9BEED00D07773 /* Strings.swift */ = {isa = PBXFileReference; lastKnownFileType = sourcecode.swift; path = Strings.swift; sourceTree = "<group>"; };
		2F739F402AA9BEF000D07773 /* Assets.swift */ = {isa = PBXFileReference; lastKnownFileType = sourcecode.swift; path = Assets.swift; sourceTree = "<group>"; };
		2F7FD0FB2AA9B54400AB435E /* MomentsOfSpace.app */ = {isa = PBXFileReference; explicitFileType = wrapper.application; includeInIndex = 0; path = MomentsOfSpace.app; sourceTree = BUILT_PRODUCTS_DIR; };
		2F7FD0FE2AA9B54400AB435E /* MomentsOfSpaceApp.swift */ = {isa = PBXFileReference; lastKnownFileType = sourcecode.swift; path = MomentsOfSpaceApp.swift; sourceTree = "<group>"; };
		2F7FD1002AA9B54400AB435E /* ContentView.swift */ = {isa = PBXFileReference; lastKnownFileType = sourcecode.swift; path = ContentView.swift; sourceTree = "<group>"; };
		2F7FD1022AA9B54500AB435E /* Images.xcassets */ = {isa = PBXFileReference; lastKnownFileType = folder.assetcatalog; path = Images.xcassets; sourceTree = "<group>"; };
		2F7FD1052AA9B54500AB435E /* Preview Assets.xcassets */ = {isa = PBXFileReference; lastKnownFileType = folder.assetcatalog; path = "Preview Assets.xcassets"; sourceTree = "<group>"; };
/* End PBXFileReference section */

/* Begin PBXFrameworksBuildPhase section */
		2F36D0BE2AA9C125007471B4 /* Frameworks */ = {
			isa = PBXFrameworksBuildPhase;
			buildActionMask = 2147483647;
			files = (
			);
			runOnlyForDeploymentPostprocessing = 0;
		};
		2F36D0D42AA9C2A9007471B4 /* Frameworks */ = {
			isa = PBXFrameworksBuildPhase;
			buildActionMask = 2147483647;
			files = (
				2F36D0E62AA9C315007471B4 /* MomentsOfSpaceModel.framework in Frameworks */,
			);
			runOnlyForDeploymentPostprocessing = 0;
		};
		2F7FD0F82AA9B54400AB435E /* Frameworks */ = {
			isa = PBXFrameworksBuildPhase;
			buildActionMask = 2147483647;
			files = (
				2F36D0DD2AA9C2A9007471B4 /* MomentsOfSpaceNetworking.framework in Frameworks */,
				2F36D0C72AA9C125007471B4 /* MomentsOfSpaceModel.framework in Frameworks */,
				2F739F342AA9BD3F00D07773 /* ComposableArchitecture in Frameworks */,
			);
			runOnlyForDeploymentPostprocessing = 0;
		};
/* End PBXFrameworksBuildPhase section */

/* Begin PBXGroup section */
		2F36D0C22AA9C125007471B4 /* MomentsOfSpaceModel */ = {
			isa = PBXGroup;
			children = (
				2F36D0C32AA9C125007471B4 /* MomentsOfSpaceModel.h */,
				2F36D0CD2AA9C138007471B4 /* Source */,
			);
			path = MomentsOfSpaceModel;
			sourceTree = "<group>";
		};
		2F36D0CD2AA9C138007471B4 /* Source */ = {
			isa = PBXGroup;
			children = (
				2F36D0D02AA9C163007471B4 /* AudioFile.swift */,
				2F36D0CE2AA9C142007471B4 /* Meditation.swift */,
				2F36D0EB2AA9C362007471B4 /* Mockable.swift */,
			);
			path = Source;
			sourceTree = "<group>";
		};
		2F36D0D82AA9C2A9007471B4 /* MomentsOfSpaceNetworking */ = {
			isa = PBXGroup;
			children = (
				2F36D0D92AA9C2A9007471B4 /* MomentsOfSpaceNetworking.h */,
				2F36D0E22AA9C2AF007471B4 /* Source */,
			);
			path = MomentsOfSpaceNetworking;
			sourceTree = "<group>";
		};
		2F36D0E22AA9C2AF007471B4 /* Source */ = {
			isa = PBXGroup;
			children = (
				2F36D0E32AA9C2BC007471B4 /* MeditationsNetworkService.swift */,
			);
			path = Source;
			sourceTree = "<group>";
		};
		2F36D0E52AA9C315007471B4 /* Frameworks */ = {
			isa = PBXGroup;
			children = (
			);
			name = Frameworks;
			sourceTree = "<group>";
		};
		2F739F2D2AA9BA5500D07773 /* App */ = {
			isa = PBXGroup;
			children = (
				2F7FD0FE2AA9B54400AB435E /* MomentsOfSpaceApp.swift */,
				2F739F2E2AA9BA5A00D07773 /* Scenes */,
			);
			path = App;
			sourceTree = "<group>";
		};
		2F739F2E2AA9BA5A00D07773 /* Scenes */ = {
			isa = PBXGroup;
			children = (
				2F7FD1002AA9B54400AB435E /* ContentView.swift */,
			);
			path = Scenes;
			sourceTree = "<group>";
		};
		2F739F2F2AA9BA5F00D07773 /* Resources */ = {
			isa = PBXGroup;
			children = (
				2F739F3D2AA9BEE500D07773 /* Generated */,
				2F739F302AA9BA6800D07773 /* Assets */,
				2F739F392AA9BEBF00D07773 /* Localization */,
			);
			path = Resources;
			sourceTree = "<group>";
		};
		2F739F302AA9BA6800D07773 /* Assets */ = {
			isa = PBXGroup;
			children = (
				2F7FD1022AA9B54500AB435E /* Images.xcassets */,
				2F739F352AA9BE0000D07773 /* Colors.xcassets */,
			);
			path = Assets;
			sourceTree = "<group>";
		};
		2F739F392AA9BEBF00D07773 /* Localization */ = {
			isa = PBXGroup;
			children = (
				2F739F3A2AA9BECF00D07773 /* Localizable.strings */,
			);
			path = Localization;
			sourceTree = "<group>";
		};
		2F739F3D2AA9BEE500D07773 /* Generated */ = {
			isa = PBXGroup;
			children = (
				2F739F402AA9BEF000D07773 /* Assets.swift */,
				2F739F3E2AA9BEED00D07773 /* Strings.swift */,
			);
			path = Generated;
			sourceTree = "<group>";
		};
		2F7FD0F22AA9B54400AB435E = {
			isa = PBXGroup;
			children = (
				2F7FD0FD2AA9B54400AB435E /* MomentsOfSpace */,
				2F36D0C22AA9C125007471B4 /* MomentsOfSpaceModel */,
				2F36D0D82AA9C2A9007471B4 /* MomentsOfSpaceNetworking */,
				2F7FD0FC2AA9B54400AB435E /* Products */,
				2F36D0E52AA9C315007471B4 /* Frameworks */,
			);
			sourceTree = "<group>";
		};
		2F7FD0FC2AA9B54400AB435E /* Products */ = {
			isa = PBXGroup;
			children = (
				2F7FD0FB2AA9B54400AB435E /* MomentsOfSpace.app */,
				2F36D0C12AA9C125007471B4 /* MomentsOfSpaceModel.framework */,
				2F36D0D72AA9C2A9007471B4 /* MomentsOfSpaceNetworking.framework */,
			);
			name = Products;
			sourceTree = "<group>";
		};
		2F7FD0FD2AA9B54400AB435E /* MomentsOfSpace */ = {
			isa = PBXGroup;
			children = (
				2F739F2D2AA9BA5500D07773 /* App */,
				2F739F2F2AA9BA5F00D07773 /* Resources */,
				2F7FD1042AA9B54500AB435E /* Preview Content */,
			);
			path = MomentsOfSpace;
			sourceTree = "<group>";
		};
		2F7FD1042AA9B54500AB435E /* Preview Content */ = {
			isa = PBXGroup;
			children = (
				2F7FD1052AA9B54500AB435E /* Preview Assets.xcassets */,
			);
			path = "Preview Content";
			sourceTree = "<group>";
		};
/* End PBXGroup section */

/* Begin PBXHeadersBuildPhase section */
		2F36D0BC2AA9C125007471B4 /* Headers */ = {
			isa = PBXHeadersBuildPhase;
			buildActionMask = 2147483647;
			files = (
				2F36D0C42AA9C125007471B4 /* MomentsOfSpaceModel.h in Headers */,
			);
			runOnlyForDeploymentPostprocessing = 0;
		};
		2F36D0D22AA9C2A9007471B4 /* Headers */ = {
			isa = PBXHeadersBuildPhase;
			buildActionMask = 2147483647;
			files = (
				2F36D0DA2AA9C2A9007471B4 /* MomentsOfSpaceNetworking.h in Headers */,
			);
			runOnlyForDeploymentPostprocessing = 0;
		};
/* End PBXHeadersBuildPhase section */

/* Begin PBXNativeTarget section */
		2F36D0C02AA9C125007471B4 /* MomentsOfSpaceModel */ = {
			isa = PBXNativeTarget;
			buildConfigurationList = 2F36D0CC2AA9C125007471B4 /* Build configuration list for PBXNativeTarget "MomentsOfSpaceModel" */;
			buildPhases = (
				2F36D0BC2AA9C125007471B4 /* Headers */,
				2F36D0BD2AA9C125007471B4 /* Sources */,
				2F36D0BE2AA9C125007471B4 /* Frameworks */,
				2F36D0BF2AA9C125007471B4 /* Resources */,
			);
			buildRules = (
			);
			dependencies = (
			);
			name = MomentsOfSpaceModel;
			productName = MomentsOfSpaceModel;
			productReference = 2F36D0C12AA9C125007471B4 /* MomentsOfSpaceModel.framework */;
			productType = "com.apple.product-type.framework";
		};
		2F36D0D62AA9C2A9007471B4 /* MomentsOfSpaceNetworking */ = {
			isa = PBXNativeTarget;
			buildConfigurationList = 2F36D0DF2AA9C2A9007471B4 /* Build configuration list for PBXNativeTarget "MomentsOfSpaceNetworking" */;
			buildPhases = (
				2F36D0D22AA9C2A9007471B4 /* Headers */,
				2F36D0D32AA9C2A9007471B4 /* Sources */,
				2F36D0D42AA9C2A9007471B4 /* Frameworks */,
				2F36D0D52AA9C2A9007471B4 /* Resources */,
				2F36D0EA2AA9C315007471B4 /* Embed Frameworks */,
			);
			buildRules = (
			);
			dependencies = (
				2F36D0E92AA9C315007471B4 /* PBXTargetDependency */,
			);
			name = MomentsOfSpaceNetworking;
			productName = MomentsOfSpaceNetworking;
			productReference = 2F36D0D72AA9C2A9007471B4 /* MomentsOfSpaceNetworking.framework */;
			productType = "com.apple.product-type.framework";
		};
		2F7FD0FA2AA9B54400AB435E /* MomentsOfSpace */ = {
			isa = PBXNativeTarget;
			buildConfigurationList = 2F7FD1092AA9B54500AB435E /* Build configuration list for PBXNativeTarget "MomentsOfSpace" */;
			buildPhases = (
				2F7FD0F72AA9B54400AB435E /* Sources */,
				2F739F312AA9BB1500D07773 /* Run Swiftlint */,
				2F739F422AA9C02300D07773 /* Run Swiftgen */,
				2F7FD0F82AA9B54400AB435E /* Frameworks */,
				2F7FD0F92AA9B54400AB435E /* Resources */,
				2F36D0C82AA9C125007471B4 /* Embed Frameworks */,
			);
			buildRules = (
			);
			dependencies = (
				2F36D0C62AA9C125007471B4 /* PBXTargetDependency */,
				2F36D0DC2AA9C2A9007471B4 /* PBXTargetDependency */,
			);
			name = MomentsOfSpace;
			packageProductDependencies = (
				2F739F332AA9BD3F00D07773 /* ComposableArchitecture */,
			);
			productName = MomentsOfSpace;
			productReference = 2F7FD0FB2AA9B54400AB435E /* MomentsOfSpace.app */;
			productType = "com.apple.product-type.application";
		};
/* End PBXNativeTarget section */

/* Begin PBXProject section */
		2F7FD0F32AA9B54400AB435E /* Project object */ = {
			isa = PBXProject;
			attributes = {
				BuildIndependentTargetsInParallel = 1;
				LastSwiftUpdateCheck = 1430;
				LastUpgradeCheck = 1430;
				TargetAttributes = {
					2F36D0C02AA9C125007471B4 = {
						CreatedOnToolsVersion = 14.3.1;
						LastSwiftMigration = 1430;
					};
					2F36D0D62AA9C2A9007471B4 = {
						CreatedOnToolsVersion = 14.3.1;
						LastSwiftMigration = 1430;
					};
					2F7FD0FA2AA9B54400AB435E = {
						CreatedOnToolsVersion = 14.3.1;
					};
				};
			};
			buildConfigurationList = 2F7FD0F62AA9B54400AB435E /* Build configuration list for PBXProject "MomentsOfSpace" */;
			compatibilityVersion = "Xcode 14.0";
			developmentRegion = en;
			hasScannedForEncodings = 0;
			knownRegions = (
				en,
				Base,
			);
			mainGroup = 2F7FD0F22AA9B54400AB435E;
			packageReferences = (
				2F739F322AA9BD3F00D07773 /* XCRemoteSwiftPackageReference "swift-composable-architecture" */,
			);
			productRefGroup = 2F7FD0FC2AA9B54400AB435E /* Products */;
			projectDirPath = "";
			projectRoot = "";
			targets = (
				2F7FD0FA2AA9B54400AB435E /* MomentsOfSpace */,
				2F36D0C02AA9C125007471B4 /* MomentsOfSpaceModel */,
				2F36D0D62AA9C2A9007471B4 /* MomentsOfSpaceNetworking */,
			);
		};
/* End PBXProject section */

/* Begin PBXResourcesBuildPhase section */
		2F36D0BF2AA9C125007471B4 /* Resources */ = {
			isa = PBXResourcesBuildPhase;
			buildActionMask = 2147483647;
			files = (
			);
			runOnlyForDeploymentPostprocessing = 0;
		};
		2F36D0D52AA9C2A9007471B4 /* Resources */ = {
			isa = PBXResourcesBuildPhase;
			buildActionMask = 2147483647;
			files = (
			);
			runOnlyForDeploymentPostprocessing = 0;
		};
		2F7FD0F92AA9B54400AB435E /* Resources */ = {
			isa = PBXResourcesBuildPhase;
			buildActionMask = 2147483647;
			files = (
				2F739F362AA9BE0000D07773 /* Colors.xcassets in Resources */,
				2F739F3B2AA9BECF00D07773 /* Localizable.strings in Resources */,
				2F7FD1062AA9B54500AB435E /* Preview Assets.xcassets in Resources */,
				2F7FD1032AA9B54500AB435E /* Images.xcassets in Resources */,
			);
			runOnlyForDeploymentPostprocessing = 0;
		};
/* End PBXResourcesBuildPhase section */

/* Begin PBXShellScriptBuildPhase section */
		2F739F312AA9BB1500D07773 /* Run Swiftlint */ = {
			isa = PBXShellScriptBuildPhase;
			alwaysOutOfDate = 1;
			buildActionMask = 2147483647;
			files = (
			);
			inputFileListPaths = (
			);
			inputPaths = (
			);
			name = "Run Swiftlint";
			outputFileListPaths = (
			);
			outputPaths = (
			);
			runOnlyForDeploymentPostprocessing = 0;
			shellPath = /bin/sh;
			shellScript = "if [ $CI ]; then\n  # Exit early if we are in CI environment\n  exit 0\nfi\nexport PATH=\"$PATH:/opt/homebrew/bin\"\nif which swiftlint > /dev/null; then\n    swiftlint MomentsOfSpace\n    swiftlint MomentsOfSpaceModel\n    swiftlint MomentsOfSpaceNetworking\nelse\n  echo \"warning: SwiftLint not installed, download from https://github.com/realm/SwiftLint\"\nfi\n";
		};
		2F739F422AA9C02300D07773 /* Run Swiftgen */ = {
			isa = PBXShellScriptBuildPhase;
			buildActionMask = 2147483647;
			files = (
			);
			inputFileListPaths = (
			);
			inputPaths = (
				"$(SRCROOT)/MomentsOfSpace/Resources/Assets/Images.xcassets",
				"$(SRCROOT)/MomentsOfSpace/Resources/Assets/Images.xcassets",
			);
			name = "Run Swiftgen";
			outputFileListPaths = (
			);
			outputPaths = (
			);
			runOnlyForDeploymentPostprocessing = 0;
			shellPath = /bin/sh;
			shellScript = "export PATH=\"$PATH:/opt/homebrew/bin\"\nif which swiftgen > /dev/null; then\n  swiftgen\nelse\n  echo \"warning: SwiftGen is not installed. See 'https://github.com/SwiftGen/SwiftGen#installation' for installation instructions.\"\nfi\n";
		};
/* End PBXShellScriptBuildPhase section */

/* Begin PBXSourcesBuildPhase section */
		2F36D0BD2AA9C125007471B4 /* Sources */ = {
			isa = PBXSourcesBuildPhase;
			buildActionMask = 2147483647;
			files = (
				2F36D0D12AA9C163007471B4 /* AudioFile.swift in Sources */,
				2F36D0EC2AA9C362007471B4 /* Mockable.swift in Sources */,
				2F36D0CF2AA9C142007471B4 /* Meditation.swift in Sources */,
			);
			runOnlyForDeploymentPostprocessing = 0;
		};
		2F36D0D32AA9C2A9007471B4 /* Sources */ = {
			isa = PBXSourcesBuildPhase;
			buildActionMask = 2147483647;
			files = (
				2F36D0E42AA9C2BC007471B4 /* MeditationsNetworkService.swift in Sources */,
			);
			runOnlyForDeploymentPostprocessing = 0;
		};
		2F7FD0F72AA9B54400AB435E /* Sources */ = {
			isa = PBXSourcesBuildPhase;
			buildActionMask = 2147483647;
			files = (
				2F7FD1012AA9B54400AB435E /* ContentView.swift in Sources */,
				2F739F3F2AA9BEED00D07773 /* Strings.swift in Sources */,
				2F739F412AA9BEF000D07773 /* Assets.swift in Sources */,
				2F7FD0FF2AA9B54400AB435E /* MomentsOfSpaceApp.swift in Sources */,
			);
			runOnlyForDeploymentPostprocessing = 0;
		};
/* End PBXSourcesBuildPhase section */

/* Begin PBXTargetDependency section */
		2F36D0C62AA9C125007471B4 /* PBXTargetDependency */ = {
			isa = PBXTargetDependency;
			target = 2F36D0C02AA9C125007471B4 /* MomentsOfSpaceModel */;
			targetProxy = 2F36D0C52AA9C125007471B4 /* PBXContainerItemProxy */;
		};
		2F36D0DC2AA9C2A9007471B4 /* PBXTargetDependency */ = {
			isa = PBXTargetDependency;
			target = 2F36D0D62AA9C2A9007471B4 /* MomentsOfSpaceNetworking */;
			targetProxy = 2F36D0DB2AA9C2A9007471B4 /* PBXContainerItemProxy */;
		};
		2F36D0E92AA9C315007471B4 /* PBXTargetDependency */ = {
			isa = PBXTargetDependency;
			target = 2F36D0C02AA9C125007471B4 /* MomentsOfSpaceModel */;
			targetProxy = 2F36D0E82AA9C315007471B4 /* PBXContainerItemProxy */;
		};
/* End PBXTargetDependency section */

/* Begin XCBuildConfiguration section */
		2F36D0CA2AA9C125007471B4 /* Debug */ = {
			isa = XCBuildConfiguration;
			buildSettings = {
				CLANG_ENABLE_MODULES = YES;
				CODE_SIGN_STYLE = Automatic;
				CURRENT_PROJECT_VERSION = 1;
				DEFINES_MODULE = YES;
				DEVELOPMENT_TEAM = 5Y2HY26HKK;
				DYLIB_COMPATIBILITY_VERSION = 1;
				DYLIB_CURRENT_VERSION = 1;
				DYLIB_INSTALL_NAME_BASE = "@rpath";
				ENABLE_MODULE_VERIFIER = YES;
				GENERATE_INFOPLIST_FILE = YES;
				INFOPLIST_KEY_NSHumanReadableCopyright = "";
				INSTALL_PATH = "$(LOCAL_LIBRARY_DIR)/Frameworks";
				LD_RUNPATH_SEARCH_PATHS = (
					"$(inherited)",
					"@executable_path/Frameworks",
					"@loader_path/Frameworks",
				);
				MARKETING_VERSION = 1.0;
				MODULE_VERIFIER_SUPPORTED_LANGUAGES = "objective-c objective-c++";
				MODULE_VERIFIER_SUPPORTED_LANGUAGE_STANDARDS = "gnu11 gnu++20";
				PRODUCT_BUNDLE_IDENTIFIER = com.codeopolis.MomentsOfSpaceModel;
				PRODUCT_NAME = "$(TARGET_NAME:c99extidentifier)";
				SKIP_INSTALL = YES;
				SWIFT_EMIT_LOC_STRINGS = YES;
				SWIFT_OPTIMIZATION_LEVEL = "-Onone";
				SWIFT_VERSION = 5.0;
				TARGETED_DEVICE_FAMILY = "1,2";
				VERSIONING_SYSTEM = "apple-generic";
				VERSION_INFO_PREFIX = "";
			};
			name = Debug;
		};
		2F36D0CB2AA9C125007471B4 /* Release */ = {
			isa = XCBuildConfiguration;
			buildSettings = {
				CLANG_ENABLE_MODULES = YES;
				CODE_SIGN_STYLE = Automatic;
				CURRENT_PROJECT_VERSION = 1;
				DEFINES_MODULE = YES;
				DEVELOPMENT_TEAM = 5Y2HY26HKK;
				DYLIB_COMPATIBILITY_VERSION = 1;
				DYLIB_CURRENT_VERSION = 1;
				DYLIB_INSTALL_NAME_BASE = "@rpath";
				ENABLE_MODULE_VERIFIER = YES;
				GENERATE_INFOPLIST_FILE = YES;
				INFOPLIST_KEY_NSHumanReadableCopyright = "";
				INSTALL_PATH = "$(LOCAL_LIBRARY_DIR)/Frameworks";
				LD_RUNPATH_SEARCH_PATHS = (
					"$(inherited)",
					"@executable_path/Frameworks",
					"@loader_path/Frameworks",
				);
				MARKETING_VERSION = 1.0;
				MODULE_VERIFIER_SUPPORTED_LANGUAGES = "objective-c objective-c++";
				MODULE_VERIFIER_SUPPORTED_LANGUAGE_STANDARDS = "gnu11 gnu++20";
				PRODUCT_BUNDLE_IDENTIFIER = com.codeopolis.MomentsOfSpaceModel;
				PRODUCT_NAME = "$(TARGET_NAME:c99extidentifier)";
				SKIP_INSTALL = YES;
				SWIFT_EMIT_LOC_STRINGS = YES;
				SWIFT_VERSION = 5.0;
				TARGETED_DEVICE_FAMILY = "1,2";
				VERSIONING_SYSTEM = "apple-generic";
				VERSION_INFO_PREFIX = "";
			};
			name = Release;
		};
		2F36D0E02AA9C2A9007471B4 /* Debug */ = {
			isa = XCBuildConfiguration;
			buildSettings = {
				CLANG_ENABLE_MODULES = YES;
				CODE_SIGN_STYLE = Automatic;
				CURRENT_PROJECT_VERSION = 1;
				DEFINES_MODULE = YES;
				DEVELOPMENT_TEAM = 5Y2HY26HKK;
				DYLIB_COMPATIBILITY_VERSION = 1;
				DYLIB_CURRENT_VERSION = 1;
				DYLIB_INSTALL_NAME_BASE = "@rpath";
				ENABLE_MODULE_VERIFIER = YES;
				GENERATE_INFOPLIST_FILE = YES;
				INFOPLIST_KEY_NSHumanReadableCopyright = "";
				INSTALL_PATH = "$(LOCAL_LIBRARY_DIR)/Frameworks";
				LD_RUNPATH_SEARCH_PATHS = (
					"$(inherited)",
					"@executable_path/Frameworks",
					"@loader_path/Frameworks",
				);
				MARKETING_VERSION = 1.0;
				MODULE_VERIFIER_SUPPORTED_LANGUAGES = "objective-c objective-c++";
				MODULE_VERIFIER_SUPPORTED_LANGUAGE_STANDARDS = "gnu11 gnu++20";
				PRODUCT_BUNDLE_IDENTIFIER = com.codeopolis.MomentsOfSpaceNetworking;
				PRODUCT_NAME = "$(TARGET_NAME:c99extidentifier)";
				SKIP_INSTALL = YES;
				SWIFT_EMIT_LOC_STRINGS = YES;
				SWIFT_OPTIMIZATION_LEVEL = "-Onone";
				SWIFT_VERSION = 5.0;
				TARGETED_DEVICE_FAMILY = "1,2";
				VERSIONING_SYSTEM = "apple-generic";
				VERSION_INFO_PREFIX = "";
			};
			name = Debug;
		};
		2F36D0E12AA9C2A9007471B4 /* Release */ = {
			isa = XCBuildConfiguration;
			buildSettings = {
				CLANG_ENABLE_MODULES = YES;
				CODE_SIGN_STYLE = Automatic;
				CURRENT_PROJECT_VERSION = 1;
				DEFINES_MODULE = YES;
				DEVELOPMENT_TEAM = 5Y2HY26HKK;
				DYLIB_COMPATIBILITY_VERSION = 1;
				DYLIB_CURRENT_VERSION = 1;
				DYLIB_INSTALL_NAME_BASE = "@rpath";
				ENABLE_MODULE_VERIFIER = YES;
				GENERATE_INFOPLIST_FILE = YES;
				INFOPLIST_KEY_NSHumanReadableCopyright = "";
				INSTALL_PATH = "$(LOCAL_LIBRARY_DIR)/Frameworks";
				LD_RUNPATH_SEARCH_PATHS = (
					"$(inherited)",
					"@executable_path/Frameworks",
					"@loader_path/Frameworks",
				);
				MARKETING_VERSION = 1.0;
				MODULE_VERIFIER_SUPPORTED_LANGUAGES = "objective-c objective-c++";
				MODULE_VERIFIER_SUPPORTED_LANGUAGE_STANDARDS = "gnu11 gnu++20";
				PRODUCT_BUNDLE_IDENTIFIER = com.codeopolis.MomentsOfSpaceNetworking;
				PRODUCT_NAME = "$(TARGET_NAME:c99extidentifier)";
				SKIP_INSTALL = YES;
				SWIFT_EMIT_LOC_STRINGS = YES;
				SWIFT_VERSION = 5.0;
				TARGETED_DEVICE_FAMILY = "1,2";
				VERSIONING_SYSTEM = "apple-generic";
				VERSION_INFO_PREFIX = "";
			};
			name = Release;
		};
		2F7FD1072AA9B54500AB435E /* Debug */ = {
			isa = XCBuildConfiguration;
			buildSettings = {
				ALWAYS_SEARCH_USER_PATHS = NO;
				CLANG_ANALYZER_NONNULL = YES;
				CLANG_ANALYZER_NUMBER_OBJECT_CONVERSION = YES_AGGRESSIVE;
				CLANG_CXX_LANGUAGE_STANDARD = "gnu++20";
				CLANG_ENABLE_MODULES = YES;
				CLANG_ENABLE_OBJC_ARC = YES;
				CLANG_ENABLE_OBJC_WEAK = YES;
				CLANG_WARN_BLOCK_CAPTURE_AUTORELEASING = YES;
				CLANG_WARN_BOOL_CONVERSION = YES;
				CLANG_WARN_COMMA = YES;
				CLANG_WARN_CONSTANT_CONVERSION = YES;
				CLANG_WARN_DEPRECATED_OBJC_IMPLEMENTATIONS = YES;
				CLANG_WARN_DIRECT_OBJC_ISA_USAGE = YES_ERROR;
				CLANG_WARN_DOCUMENTATION_COMMENTS = YES;
				CLANG_WARN_EMPTY_BODY = YES;
				CLANG_WARN_ENUM_CONVERSION = YES;
				CLANG_WARN_INFINITE_RECURSION = YES;
				CLANG_WARN_INT_CONVERSION = YES;
				CLANG_WARN_NON_LITERAL_NULL_CONVERSION = YES;
				CLANG_WARN_OBJC_IMPLICIT_RETAIN_SELF = YES;
				CLANG_WARN_OBJC_LITERAL_CONVERSION = YES;
				CLANG_WARN_OBJC_ROOT_CLASS = YES_ERROR;
				CLANG_WARN_QUOTED_INCLUDE_IN_FRAMEWORK_HEADER = YES;
				CLANG_WARN_RANGE_LOOP_ANALYSIS = YES;
				CLANG_WARN_STRICT_PROTOTYPES = YES;
				CLANG_WARN_SUSPICIOUS_MOVE = YES;
				CLANG_WARN_UNGUARDED_AVAILABILITY = YES_AGGRESSIVE;
				CLANG_WARN_UNREACHABLE_CODE = YES;
				CLANG_WARN__DUPLICATE_METHOD_MATCH = YES;
				COPY_PHASE_STRIP = NO;
				DEBUG_INFORMATION_FORMAT = dwarf;
				ENABLE_STRICT_OBJC_MSGSEND = YES;
				ENABLE_TESTABILITY = YES;
				GCC_C_LANGUAGE_STANDARD = gnu11;
				GCC_DYNAMIC_NO_PIC = NO;
				GCC_NO_COMMON_BLOCKS = YES;
				GCC_OPTIMIZATION_LEVEL = 0;
				GCC_PREPROCESSOR_DEFINITIONS = (
					"DEBUG=1",
					"$(inherited)",
				);
				GCC_WARN_64_TO_32_BIT_CONVERSION = YES;
				GCC_WARN_ABOUT_RETURN_TYPE = YES_ERROR;
				GCC_WARN_UNDECLARED_SELECTOR = YES;
				GCC_WARN_UNINITIALIZED_AUTOS = YES_AGGRESSIVE;
				GCC_WARN_UNUSED_FUNCTION = YES;
				GCC_WARN_UNUSED_VARIABLE = YES;
				IPHONEOS_DEPLOYMENT_TARGET = 16.4;
				MTL_ENABLE_DEBUG_INFO = INCLUDE_SOURCE;
				MTL_FAST_MATH = YES;
				ONLY_ACTIVE_ARCH = YES;
				SDKROOT = iphoneos;
				SWIFT_ACTIVE_COMPILATION_CONDITIONS = DEBUG;
				SWIFT_OPTIMIZATION_LEVEL = "-Onone";
			};
			name = Debug;
		};
		2F7FD1082AA9B54500AB435E /* Release */ = {
			isa = XCBuildConfiguration;
			buildSettings = {
				ALWAYS_SEARCH_USER_PATHS = NO;
				CLANG_ANALYZER_NONNULL = YES;
				CLANG_ANALYZER_NUMBER_OBJECT_CONVERSION = YES_AGGRESSIVE;
				CLANG_CXX_LANGUAGE_STANDARD = "gnu++20";
				CLANG_ENABLE_MODULES = YES;
				CLANG_ENABLE_OBJC_ARC = YES;
				CLANG_ENABLE_OBJC_WEAK = YES;
				CLANG_WARN_BLOCK_CAPTURE_AUTORELEASING = YES;
				CLANG_WARN_BOOL_CONVERSION = YES;
				CLANG_WARN_COMMA = YES;
				CLANG_WARN_CONSTANT_CONVERSION = YES;
				CLANG_WARN_DEPRECATED_OBJC_IMPLEMENTATIONS = YES;
				CLANG_WARN_DIRECT_OBJC_ISA_USAGE = YES_ERROR;
				CLANG_WARN_DOCUMENTATION_COMMENTS = YES;
				CLANG_WARN_EMPTY_BODY = YES;
				CLANG_WARN_ENUM_CONVERSION = YES;
				CLANG_WARN_INFINITE_RECURSION = YES;
				CLANG_WARN_INT_CONVERSION = YES;
				CLANG_WARN_NON_LITERAL_NULL_CONVERSION = YES;
				CLANG_WARN_OBJC_IMPLICIT_RETAIN_SELF = YES;
				CLANG_WARN_OBJC_LITERAL_CONVERSION = YES;
				CLANG_WARN_OBJC_ROOT_CLASS = YES_ERROR;
				CLANG_WARN_QUOTED_INCLUDE_IN_FRAMEWORK_HEADER = YES;
				CLANG_WARN_RANGE_LOOP_ANALYSIS = YES;
				CLANG_WARN_STRICT_PROTOTYPES = YES;
				CLANG_WARN_SUSPICIOUS_MOVE = YES;
				CLANG_WARN_UNGUARDED_AVAILABILITY = YES_AGGRESSIVE;
				CLANG_WARN_UNREACHABLE_CODE = YES;
				CLANG_WARN__DUPLICATE_METHOD_MATCH = YES;
				COPY_PHASE_STRIP = NO;
				DEBUG_INFORMATION_FORMAT = "dwarf-with-dsym";
				ENABLE_NS_ASSERTIONS = NO;
				ENABLE_STRICT_OBJC_MSGSEND = YES;
				GCC_C_LANGUAGE_STANDARD = gnu11;
				GCC_NO_COMMON_BLOCKS = YES;
				GCC_WARN_64_TO_32_BIT_CONVERSION = YES;
				GCC_WARN_ABOUT_RETURN_TYPE = YES_ERROR;
				GCC_WARN_UNDECLARED_SELECTOR = YES;
				GCC_WARN_UNINITIALIZED_AUTOS = YES_AGGRESSIVE;
				GCC_WARN_UNUSED_FUNCTION = YES;
				GCC_WARN_UNUSED_VARIABLE = YES;
				IPHONEOS_DEPLOYMENT_TARGET = 16.4;
				MTL_ENABLE_DEBUG_INFO = NO;
				MTL_FAST_MATH = YES;
				SDKROOT = iphoneos;
				SWIFT_COMPILATION_MODE = wholemodule;
				SWIFT_OPTIMIZATION_LEVEL = "-O";
				VALIDATE_PRODUCT = YES;
			};
			name = Release;
		};
		2F7FD10A2AA9B54500AB435E /* Debug */ = {
			isa = XCBuildConfiguration;
			buildSettings = {
				ALWAYS_EMBED_SWIFT_STANDARD_LIBRARIES = YES;
				ASSETCATALOG_COMPILER_APPICON_NAME = AppIcon;
				ASSETCATALOG_COMPILER_GLOBAL_ACCENT_COLOR_NAME = AccentColor;
				CODE_SIGN_STYLE = Automatic;
				CURRENT_PROJECT_VERSION = 1;
				DEVELOPMENT_ASSET_PATHS = "\"MomentsOfSpace/Preview Content\"";
				DEVELOPMENT_TEAM = 5Y2HY26HKK;
				ENABLE_PREVIEWS = YES;
				GENERATE_INFOPLIST_FILE = YES;
				INFOPLIST_KEY_UIApplicationSceneManifest_Generation = YES;
				INFOPLIST_KEY_UIApplicationSupportsIndirectInputEvents = YES;
				INFOPLIST_KEY_UILaunchScreen_Generation = YES;
				INFOPLIST_KEY_UISupportedInterfaceOrientations_iPad = "UIInterfaceOrientationPortrait UIInterfaceOrientationPortraitUpsideDown UIInterfaceOrientationLandscapeLeft UIInterfaceOrientationLandscapeRight";
				INFOPLIST_KEY_UISupportedInterfaceOrientations_iPhone = "UIInterfaceOrientationPortrait UIInterfaceOrientationLandscapeLeft UIInterfaceOrientationLandscapeRight";
				LD_RUNPATH_SEARCH_PATHS = (
					"$(inherited)",
					"@executable_path/Frameworks",
				);
				MARKETING_VERSION = 1.0;
				PRODUCT_BUNDLE_IDENTIFIER = com.codeopolis.MomentsOfSpace;
				PRODUCT_NAME = "$(TARGET_NAME)";
				SWIFT_EMIT_LOC_STRINGS = YES;
				SWIFT_VERSION = 5.0;
				TARGETED_DEVICE_FAMILY = "1,2";
			};
			name = Debug;
		};
		2F7FD10B2AA9B54500AB435E /* Release */ = {
			isa = XCBuildConfiguration;
			buildSettings = {
				ALWAYS_EMBED_SWIFT_STANDARD_LIBRARIES = YES;
				ASSETCATALOG_COMPILER_APPICON_NAME = AppIcon;
				ASSETCATALOG_COMPILER_GLOBAL_ACCENT_COLOR_NAME = AccentColor;
				CODE_SIGN_STYLE = Automatic;
				CURRENT_PROJECT_VERSION = 1;
				DEVELOPMENT_ASSET_PATHS = "\"MomentsOfSpace/Preview Content\"";
				DEVELOPMENT_TEAM = 5Y2HY26HKK;
				ENABLE_PREVIEWS = YES;
				GENERATE_INFOPLIST_FILE = YES;
				INFOPLIST_KEY_UIApplicationSceneManifest_Generation = YES;
				INFOPLIST_KEY_UIApplicationSupportsIndirectInputEvents = YES;
				INFOPLIST_KEY_UILaunchScreen_Generation = YES;
				INFOPLIST_KEY_UISupportedInterfaceOrientations_iPad = "UIInterfaceOrientationPortrait UIInterfaceOrientationPortraitUpsideDown UIInterfaceOrientationLandscapeLeft UIInterfaceOrientationLandscapeRight";
				INFOPLIST_KEY_UISupportedInterfaceOrientations_iPhone = "UIInterfaceOrientationPortrait UIInterfaceOrientationLandscapeLeft UIInterfaceOrientationLandscapeRight";
				LD_RUNPATH_SEARCH_PATHS = (
					"$(inherited)",
					"@executable_path/Frameworks",
				);
				MARKETING_VERSION = 1.0;
				PRODUCT_BUNDLE_IDENTIFIER = com.codeopolis.MomentsOfSpace;
				PRODUCT_NAME = "$(TARGET_NAME)";
				SWIFT_EMIT_LOC_STRINGS = YES;
				SWIFT_VERSION = 5.0;
				TARGETED_DEVICE_FAMILY = "1,2";
			};
			name = Release;
		};
/* End XCBuildConfiguration section */

/* Begin XCConfigurationList section */
		2F36D0CC2AA9C125007471B4 /* Build configuration list for PBXNativeTarget "MomentsOfSpaceModel" */ = {
			isa = XCConfigurationList;
			buildConfigurations = (
				2F36D0CA2AA9C125007471B4 /* Debug */,
				2F36D0CB2AA9C125007471B4 /* Release */,
			);
			defaultConfigurationIsVisible = 0;
			defaultConfigurationName = Release;
		};
		2F36D0DF2AA9C2A9007471B4 /* Build configuration list for PBXNativeTarget "MomentsOfSpaceNetworking" */ = {
			isa = XCConfigurationList;
			buildConfigurations = (
				2F36D0E02AA9C2A9007471B4 /* Debug */,
				2F36D0E12AA9C2A9007471B4 /* Release */,
			);
			defaultConfigurationIsVisible = 0;
			defaultConfigurationName = Release;
		};
		2F7FD0F62AA9B54400AB435E /* Build configuration list for PBXProject "MomentsOfSpace" */ = {
			isa = XCConfigurationList;
			buildConfigurations = (
				2F7FD1072AA9B54500AB435E /* Debug */,
				2F7FD1082AA9B54500AB435E /* Release */,
			);
			defaultConfigurationIsVisible = 0;
			defaultConfigurationName = Release;
		};
		2F7FD1092AA9B54500AB435E /* Build configuration list for PBXNativeTarget "MomentsOfSpace" */ = {
			isa = XCConfigurationList;
			buildConfigurations = (
				2F7FD10A2AA9B54500AB435E /* Debug */,
				2F7FD10B2AA9B54500AB435E /* Release */,
			);
			defaultConfigurationIsVisible = 0;
			defaultConfigurationName = Release;
		};
/* End XCConfigurationList section */

/* Begin XCRemoteSwiftPackageReference section */
		2F739F322AA9BD3F00D07773 /* XCRemoteSwiftPackageReference "swift-composable-architecture" */ = {
			isa = XCRemoteSwiftPackageReference;
			repositoryURL = "https://github.com/pointfreeco/swift-composable-architecture";
			requirement = {
				kind = upToNextMajorVersion;
				minimumVersion = 1.0.0;
			};
		};
/* End XCRemoteSwiftPackageReference section */

/* Begin XCSwiftPackageProductDependency section */
		2F739F332AA9BD3F00D07773 /* ComposableArchitecture */ = {
			isa = XCSwiftPackageProductDependency;
			package = 2F739F322AA9BD3F00D07773 /* XCRemoteSwiftPackageReference "swift-composable-architecture" */;
			productName = ComposableArchitecture;
		};
/* End XCSwiftPackageProductDependency section */
	};
	rootObject = 2F7FD0F32AA9B54400AB435E /* Project object */;
}
